
Microsoft Visual Studio Solution File, Format Version 12.00
# Visual Studio 15
VisualStudioVersion = 15.0.27428.2037
MinimumVisualStudioVersion = 10.0.40219.1
Project("{9092AA53-FB77-4645-B42D-1CCCA6BD08BD}") = "NodejsConsoleApp1", "NodejsConsoleApp1\NodejsConsoleApp1.njsproj", "{BEB28FEC-4718-4960-B40A-60A7FF199254}"
EndProject
Global
	GlobalSection(SolutionConfigurationPlatforms) = preSolution
		Debug|Any CPU = Debug|Any CPU
		Release|Any CPU = Release|Any CPU
	EndGlobalSection
	GlobalSection(ProjectConfigurationPlatforms) = postSolution
		{BEB28FEC-4718-4960-B40A-60A7FF199254}.Debug|Any CPU.ActiveCfg = Debug|Any CPU
		{BEB28FEC-4718-4960-B40A-60A7FF199254}.Debug|Any CPU.Build.0 = Debug|Any CPU
		{BEB28FEC-4718-4960-B40A-60A7FF199254}.Release|Any CPU.ActiveCfg = Release|Any CPU
		{BEB28FEC-4718-4960-B40A-60A7FF199254}.Release|Any CPU.Build.0 = Release|Any CPU
	EndGlobalSection
	GlobalSection(SolutionProperties) = preSolution
		HideSolutionNode = FALSE
	EndGlobalSection
	GlobalSection(ExtensibilityGlobals) = postSolution
		SolutionGuid = {440DD2D4-9E11-4909-87BE-E4F65CDF9421}
	EndGlobalSection
EndGlobal
